
Microsoft Visual Studio Solution File, Format Version 12.00
# Visual Studio 15
VisualStudioVersion = 15.0.27130.2036
MinimumVisualStudioVersion = 10.0.40219.1
Project("{FAE04EC0-301F-11D3-BF4B-00C04F79EFBC}") = "API-GA", "GA-Travelling-Salesman\API-GA.csproj", "{D160FE24-717F-4550-A4B2-89F1CA1778C3}"
EndProject
Project("{FAE04EC0-301F-11D3-BF4B-00C04F79EFBC}") = "UnitTests", "UnitTests\UnitTests.csproj", "{CD10139B-8DEC-47DE-BADD-E18394485D3B}"
	ProjectSection(ProjectDependencies) = postProject
		{FD670099-5B00-499A-8102-8A738EBFF540} = {FD670099-5B00-499A-8102-8A738EBFF540}
	EndProjectSection
EndProject
Project("{FAE04EC0-301F-11D3-BF4B-00C04F79EFBC}") = "GUI_GA_Travelling-Salesman", "WindowsFormsApp1\GUI_GA_Travelling-Salesman.csproj", "{FD670099-5B00-499A-8102-8A738EBFF540}"
EndProject
Project("{FAE04EC0-301F-11D3-BF4B-00C04F79EFBC}") = "WpfApp1", "WpfApp1\WpfApp1.csproj", "{1EE88E1E-E760-451B-B8FD-8BECEEA5648B}"
EndProject
Global
	GlobalSection(SolutionConfigurationPlatforms) = preSolution
		Debug|Any CPU = Debug|Any CPU
		Release|Any CPU = Release|Any CPU
	EndGlobalSection
	GlobalSection(ProjectConfigurationPlatforms) = postSolution
		{D160FE24-717F-4550-A4B2-89F1CA1778C3}.Debug|Any CPU.ActiveCfg = Debug|Any CPU
		{D160FE24-717F-4550-A4B2-89F1CA1778C3}.Debug|Any CPU.Build.0 = Debug|Any CPU
		{D160FE24-717F-4550-A4B2-89F1CA1778C3}.Release|Any CPU.ActiveCfg = Release|Any CPU
		{D160FE24-717F-4550-A4B2-89F1CA1778C3}.Release|Any CPU.Build.0 = Release|Any CPU
		{CD10139B-8DEC-47DE-BADD-E18394485D3B}.Debug|Any CPU.ActiveCfg = Debug|Any CPU
		{CD10139B-8DEC-47DE-BADD-E18394485D3B}.Debug|Any CPU.Build.0 = Debug|Any CPU
		{CD10139B-8DEC-47DE-BADD-E18394485D3B}.Release|Any CPU.ActiveCfg = Release|Any CPU
		{CD10139B-8DEC-47DE-BADD-E18394485D3B}.Release|Any CPU.Build.0 = Release|Any CPU
		{FD670099-5B00-499A-8102-8A738EBFF540}.Debug|Any CPU.ActiveCfg = Debug|Any CPU
		{FD670099-5B00-499A-8102-8A738EBFF540}.Debug|Any CPU.Build.0 = Debug|Any CPU
		{FD670099-5B00-499A-8102-8A738EBFF540}.Release|Any CPU.ActiveCfg = Release|Any CPU
		{FD670099-5B00-499A-8102-8A738EBFF540}.Release|Any CPU.Build.0 = Release|Any CPU
		{1EE88E1E-E760-451B-B8FD-8BECEEA5648B}.Debug|Any CPU.ActiveCfg = Debug|Any CPU
		{1EE88E1E-E760-451B-B8FD-8BECEEA5648B}.Debug|Any CPU.Build.0 = Debug|Any CPU
		{1EE88E1E-E760-451B-B8FD-8BECEEA5648B}.Release|Any CPU.ActiveCfg = Release|Any CPU
		{1EE88E1E-E760-451B-B8FD-8BECEEA5648B}.Release|Any CPU.Build.0 = Release|Any CPU
	EndGlobalSection
	GlobalSection(SolutionProperties) = preSolution
		HideSolutionNode = FALSE
	EndGlobalSection
	GlobalSection(ExtensibilityGlobals) = postSolution
		SolutionGuid = {7D7CDE97-19E9-4B47-BBEB-EB59086E14D9}
	EndGlobalSection
EndGlobal
